
Microsoft Visual Studio Solution File, Format Version 12.00
# Visual Studio Version 17
VisualStudioVersion = 17.11.35303.130
MinimumVisualStudioVersion = 10.0.40219.1
Project("{FAE04EC0-301F-11D3-BF4B-00C04F79EFBC}") = "UI", "ConsoleApp22\UI.csproj", "{0C96BD35-9647-412D-9AE4-30E7BCEF5D1B}"
EndProject
Project("{FAE04EC0-301F-11D3-BF4B-00C04F79EFBC}") = "Core", "Core\Core.csproj", "{671FFC3D-B7E0-4F1A-B93B-980D7841FE3A}"
EndProject
Project("{FAE04EC0-301F-11D3-BF4B-00C04F79EFBC}") = "DataAccess", "DataAccess\DataAccess.csproj", "{91E7203C-AB63-453C-A059-B3C840C3075C}"
EndProject
Global
	GlobalSection(SolutionConfigurationPlatforms) = preSolution
		Debug|Any CPU = Debug|Any CPU
		Release|Any CPU = Release|Any CPU
	EndGlobalSection
	GlobalSection(ProjectConfigurationPlatforms) = postSolution
		{0C96BD35-9647-412D-9AE4-30E7BCEF5D1B}.Debug|Any CPU.ActiveCfg = Debug|Any CPU
		{0C96BD35-9647-412D-9AE4-30E7BCEF5D1B}.Debug|Any CPU.Build.0 = Debug|Any CPU
		{0C96BD35-9647-412D-9AE4-30E7BCEF5D1B}.Release|Any CPU.ActiveCfg = Release|Any CPU
		{0C96BD35-9647-412D-9AE4-30E7BCEF5D1B}.Release|Any CPU.Build.0 = Release|Any CPU
		{671FFC3D-B7E0-4F1A-B93B-980D7841FE3A}.Debug|Any CPU.ActiveCfg = Debug|Any CPU
		{671FFC3D-B7E0-4F1A-B93B-980D7841FE3A}.Debug|Any CPU.Build.0 = Debug|Any CPU
		{671FFC3D-B7E0-4F1A-B93B-980D7841FE3A}.Release|Any CPU.ActiveCfg = Release|Any CPU
		{671FFC3D-B7E0-4F1A-B93B-980D7841FE3A}.Release|Any CPU.Build.0 = Release|Any CPU
		{91E7203C-AB63-453C-A059-B3C840C3075C}.Debug|Any CPU.ActiveCfg = Debug|Any CPU
		{91E7203C-AB63-453C-A059-B3C840C3075C}.Debug|Any CPU.Build.0 = Debug|Any CPU
		{91E7203C-AB63-453C-A059-B3C840C3075C}.Release|Any CPU.ActiveCfg = Release|Any CPU
		{91E7203C-AB63-453C-A059-B3C840C3075C}.Release|Any CPU.Build.0 = Release|Any CPU
	EndGlobalSection
	GlobalSection(SolutionProperties) = preSolution
		HideSolutionNode = FALSE
	EndGlobalSection
	GlobalSection(ExtensibilityGlobals) = postSolution
		SolutionGuid = {5AE8C08C-372A-468C-894C-2ADFC7CD98D3}
	EndGlobalSection
EndGlobal
